{"version":4,"terraform_version":"1.11.1","serial":12,"lineage":"682eed90-1250-4b35-3021-4a0a560f9a9a","outputs":{"acr_login_server":{"value":"acrlabsteve12345.azurecr.io","type":"string"},"dns_inbound_endpoint_ip":{"value":"10.10.4.4","type":"string"},"firewall_private_ip":{"value":"10.10.1.4","type":"string"},"firewall_public_ip":{"value":"20.12.192.228","type":"string"},"hub_resource_group":{"value":"rg-sb-mvp-lab-hub-network","type":"string"},"jumpbox_status":{"value":"Jumpbox disabled. Core infrastructure deployed without a jumpbox.","type":"string"},"key_vault_uri":{"value":"https://kvlabsteve12345.vault.azure.net/","type":"string"},"management_resource_group":{"value":"rg-sb-mvp-lab-management","type":"string"},"spoke1_resource_group":{"value":"rg-sb-mvp-lab-spoke1-network","type":"string"},"ssh_source_warning":{"value":"WARNING: jumpbox_allowed_ssh_source is 0.0.0.0/0. Lock it down to your public IP /32.","type":"string"},"vpn_gateway_public_ip":{"value":"132.196.96.94","type":"string"}},"resources":[{"mode":"managed","type":"azurerm_resource_group","name":"rg_hub","provider":"provider[\"registry.opentofu.org/hashicorp/azurerm\"]","instances":[{"schema_version":0,"attributes":{"id":"/subscriptions/5f6d5ced-5576-4c49-bb83-aefa1d3168db/resourceGroups/rg-sb-mvp-lab-hub-network","location":"centralus","managed_by":"","name":"rg-sb-mvp-lab-hub-network","tags":{},"timeouts":null},"sensitive_attributes":[],"private":"eyJlMmJmYjczMC1lY2FhLTExZTYtOGY4OC0zNDM2M2JjN2M0YzAiOnsiY3JlYXRlIjo1NDAwMDAwMDAwMDAwLCJkZWxldGUiOjU0MDAwMDAwMDAwMDAsInJlYWQiOjMwMDAwMDAwMDAwMCwidXBkYXRlIjo1NDAwMDAwMDAwMDAwfX0="}]},{"mode":"managed","type":"azurerm_resource_group","name":"rg_mgmt","provider":"provider[\"registry.opentofu.org/hashicorp/azurerm\"]","instances":[{"schema_version":0,"attributes":{"id":"/subscriptions/5f6d5ced-5576-4c49-bb83-aefa1d3168db/resourceGroups/rg-sb-mvp-lab-management","location":"centralus","managed_by":"","name":"rg-sb-mvp-lab-management","tags":{},"timeouts":null},"sensitive_attributes":[],"private":"eyJlMmJmYjczMC1lY2FhLTExZTYtOGY4OC0zNDM2M2JjN2M0YzAiOnsiY3JlYXRlIjo1NDAwMDAwMDAwMDAwLCJkZWxldGUiOjU0MDAwMDAwMDAwMDAsInJlYWQiOjMwMDAwMDAwMDAwMCwidXBkYXRlIjo1NDAwMDAwMDAwMDAwfX0="}]},{"mode":"managed","type":"azurerm_resource_group","name":"rg_spoke1","provider":"provider[\"registry.opentofu.org/hashicorp/azurerm\"]","instances":[{"schema_version":0,"attributes":{"id":"/subscriptions/5f6d5ced-5576-4c49-bb83-aefa1d3168db/resourceGroups/rg-sb-mvp-lab-spoke1-network","location":"centralus","managed_by":"","name":"rg-sb-mvp-lab-spoke1-network","tags":{},"timeouts":null},"sensitive_attributes":[],"private":"eyJlMmJmYjczMC1lY2FhLTExZTYtOGY4OC0zNDM2M2JjN2M0YzAiOnsiY3JlYXRlIjo1NDAwMDAwMDAwMDAwLCJkZWxldGUiOjU0MDAwMDAwMDAwMDAsInJlYWQiOjMwMDAwMDAwMDAwMCwidXBkYXRlIjo1NDAwMDAwMDAwMDAwfX0="}]},{"module":"module.dns_resolver","mode":"managed","type":"azurerm_private_dns_resolver","name":"resolver","provider":"provider[\"registry.opentofu.org/hashicorp/azurerm\"]","instances":[{"schema_version":0,"attributes":{"id":"/subscriptions/5f6d5ced-5576-4c49-bb83-aefa1d3168db/resourceGroups/rg-sb-mvp-lab-hub-network/providers/Microsoft.Network/dnsResolvers/sb-mvp-lab-dnspr","location":"centralus","name":"sb-mvp-lab-dnspr","resource_group_name":"rg-sb-mvp-lab-hub-network","tags":{},"timeouts":null,"virtual_network_id":"/subscriptions/5f6d5ced-5576-4c49-bb83-aefa1d3168db/resourceGroups/rg-sb-mvp-lab-hub-network/providers/Microsoft.Network/virtualNetworks/sb-mvp-lab-vnet-hub"},"sensitive_attributes":[],"private":"eyJlMmJmYjczMC1lY2FhLTExZTYtOGY4OC0zNDM2M2JjN2M0YzAiOnsiY3JlYXRlIjoxODAwMDAwMDAwMDAwLCJkZWxldGUiOjE4MDAwMDAwMDAwMDAsInJlYWQiOjMwMDAwMDAwMDAwMCwidXBkYXRlIjoxODAwMDAwMDAwMDAwfX0=","dependencies":["azurerm_resource_group.rg_hub","module.hub.azurerm_virtual_network.hub"]}]},{"module":"module.dns_resolver","mode":"managed","type":"azurerm_private_dns_resolver_dns_forwarding_ruleset","name":"ruleset","provider":"provider[\"registry.opentofu.org/hashicorp/azurerm\"]","instances":[{"schema_version":0,"attributes":{"id":"/subscriptions/5f6d5ced-5576-4c49-bb83-aefa1d3168db/resourceGroups/rg-sb-mvp-lab-hub-network/providers/Microsoft.Network/dnsForwardingRulesets/sb-mvp-lab-dnspr-ruleset","location":"centralus","name":"sb-mvp-lab-dnspr-ruleset","private_dns_resolver_outbound_endpoint_ids":["/subscriptions/5f6d5ced-5576-4c49-bb83-aefa1d3168db/resourceGroups/rg-sb-mvp-lab-hub-network/providers/Microsoft.Network/dnsResolvers/sb-mvp-lab-dnspr/outboundEndpoints/sb-mvp-lab-dnspr-out"],"resource_group_name":"rg-sb-mvp-lab-hub-network","tags":{},"timeouts":null},"sensitive_attributes":[],"private":"eyJlMmJmYjczMC1lY2FhLTExZTYtOGY4OC0zNDM2M2JjN2M0YzAiOnsiY3JlYXRlIjoxODAwMDAwMDAwMDAwLCJkZWxldGUiOjE4MDAwMDAwMDAwMDAsInJlYWQiOjMwMDAwMDAwMDAwMCwidXBkYXRlIjoxODAwMDAwMDAwMDAwfX0=","dependencies":["azurerm_resource_group.rg_hub","module.dns_resolver.azurerm_private_dns_resolver.resolver","module.dns_resolver.azurerm_private_dns_resolver_outbound_endpoint.outbound","module.hub.azurerm_subnet.dns_outbound","module.hub.azurerm_virtual_network.hub"]}]},{"module":"module.dns_resolver","mode":"managed","type":"azurerm_private_dns_resolver_forwarding_rule","name":"forward","provider":"provider[\"registry.opentofu.org/hashicorp/azurerm\"]","instances":[{"schema_version":0,"attributes":{"dns_forwarding_ruleset_id":"/subscriptions/5f6d5ced-5576-4c49-bb83-aefa1d3168db/resourceGroups/rg-sb-mvp-lab-hub-network/providers/Microsoft.Network/dnsForwardingRulesets/sb-mvp-lab-dnspr-ruleset","domain_name":"home.arpa.","enabled":true,"id":"/subscriptions/5f6d5ced-5576-4c49-bb83-aefa1d3168db/resourceGroups/rg-sb-mvp-lab-hub-network/providers/Microsoft.Network/dnsForwardingRulesets/sb-mvp-lab-dnspr-ruleset/forwardingRules/forward-onprem","metadata":{},"name":"forward-onprem","target_dns_servers":[{"ip_address":"192.168.1.1","port":53}],"timeouts":null},"sensitive_attributes":[],"private":"eyJlMmJmYjczMC1lY2FhLTExZTYtOGY4OC0zNDM2M2JjN2M0YzAiOnsiY3JlYXRlIjoxODAwMDAwMDAwMDAwLCJkZWxldGUiOjE4MDAwMDAwMDAwMDAsInJlYWQiOjMwMDAwMDAwMDAwMCwidXBkYXRlIjoxODAwMDAwMDAwMDAwfX0=","dependencies":["azurerm_resource_group.rg_hub","module.dns_resolver.azurerm_private_dns_resolver.resolver","module.dns_resolver.azurerm_private_dns_resolver_dns_forwarding_ruleset.ruleset","module.dns_resolver.azurerm_private_dns_resolver_outbound_endpoint.outbound","module.hub.azurerm_subnet.dns_outbound","module.hub.azurerm_virtual_network.hub"]}]},{"module":"module.dns_resolver","mode":"managed","type":"azurerm_private_dns_resolver_inbound_endpoint","name":"inbound","provider":"provider[\"registry.opentofu.org/hashicorp/azurerm\"]","instances":[{"schema_version":0,"attributes":{"id":"/subscriptions/5f6d5ced-5576-4c49-bb83-aefa1d3168db/resourceGroups/rg-sb-mvp-lab-hub-network/providers/Microsoft.Network/dnsResolvers/sb-mvp-lab-dnspr/inboundEndpoints/sb-mvp-lab-dnspr-in","ip_configurations":[{"private_ip_address":"10.10.4.4","private_ip_allocation_method":"Dynamic","subnet_id":"/subscriptions/5f6d5ced-5576-4c49-bb83-aefa1d3168db/resourceGroups/rg-sb-mvp-lab-hub-network/providers/Microsoft.Network/virtualNetworks/sb-mvp-lab-vnet-hub/subnets/DnsInbound"}],"location":"centralus","name":"sb-mvp-lab-dnspr-in","private_dns_resolver_id":"/subscriptions/5f6d5ced-5576-4c49-bb83-aefa1d3168db/resourceGroups/rg-sb-mvp-lab-hub-network/providers/Microsoft.Network/dnsResolvers/sb-mvp-lab-dnspr","tags":{},"timeouts":null},"sensitive_attributes":[],"private":"eyJlMmJmYjczMC1lY2FhLTExZTYtOGY4OC0zNDM2M2JjN2M0YzAiOnsiY3JlYXRlIjoxODAwMDAwMDAwMDAwLCJkZWxldGUiOjE4MDAwMDAwMDAwMDAsInJlYWQiOjMwMDAwMDAwMDAwMCwidXBkYXRlIjoxODAwMDAwMDAwMDAwfX0=","dependencies":["azurerm_resource_group.rg_hub","module.dns_resolver.azurerm_private_dns_resolver.resolver","module.hub.azurerm_subnet.dns_inbound","module.hub.azurerm_virtual_network.hub"]}]},{"module":"module.dns_resolver","mode":"managed","type":"azurerm_private_dns_resolver_outbound_endpoint","name":"outbound","provider":"provider[\"registry.opentofu.org/hashicorp/azurerm\"]","instances":[{"schema_version":0,"attributes":{"id":"/subscriptions/5f6d5ced-5576-4c49-bb83-aefa1d3168db/resourceGroups/rg-sb-mvp-lab-hub-network/providers/Microsoft.Network/dnsResolvers/sb-mvp-lab-dnspr/outboundEndpoints/sb-mvp-lab-dnspr-out","location":"centralus","name":"sb-mvp-lab-dnspr-out","private_dns_resolver_id":"/subscriptions/5f6d5ced-5576-4c49-bb83-aefa1d3168db/resourceGroups/rg-sb-mvp-lab-hub-network/providers/Microsoft.Network/dnsResolvers/sb-mvp-lab-dnspr","subnet_id":"/subscriptions/5f6d5ced-5576-4c49-bb83-aefa1d3168db/resourceGroups/rg-sb-mvp-lab-hub-network/providers/Microsoft.Network/virtualNetworks/sb-mvp-lab-vnet-hub/subnets/DnsOutbound","tags":{},"timeouts":null},"sensitive_attributes":[],"private":"eyJlMmJmYjczMC1lY2FhLTExZTYtOGY4OC0zNDM2M2JjN2M0YzAiOnsiY3JlYXRlIjoxODAwMDAwMDAwMDAwLCJkZWxldGUiOjE4MDAwMDAwMDAwMDAsInJlYWQiOjMwMDAwMDAwMDAwMCwidXBkYXRlIjoxODAwMDAwMDAwMDAwfX0=","dependencies":["azurerm_resource_group.rg_hub","module.dns_resolver.azurerm_private_dns_resolver.resolver","module.hub.azurerm_subnet.dns_outbound","module.hub.azurerm_virtual_network.hub"]}]},{"module":"module.dns_resolver","mode":"managed","type":"azurerm_private_dns_resolver_virtual_network_link","name":"links","provider":"provider[\"registry.opentofu.org/hashicorp/azurerm\"]","instances":[{"index_key":"hub","schema_version":0,"attributes":{"dns_forwarding_ruleset_id":"/subscriptions/5f6d5ced-5576-4c49-bb83-aefa1d3168db/resourceGroups/rg-sb-mvp-lab-hub-network/providers/Microsoft.Network/dnsForwardingRulesets/sb-mvp-lab-dnspr-ruleset","id":"/subscriptions/5f6d5ced-5576-4c49-bb83-aefa1d3168db/resourceGroups/rg-sb-mvp-lab-hub-network/providers/Microsoft.Network/dnsForwardingRulesets/sb-mvp-lab-dnspr-ruleset/virtualNetworkLinks/link-hub","metadata":{},"name":"link-hub","timeouts":null,"virtual_network_id":"/subscriptions/5f6d5ced-5576-4c49-bb83-aefa1d3168db/resourceGroups/rg-sb-mvp-lab-hub-network/providers/Microsoft.Network/virtualNetworks/sb-mvp-lab-vnet-hub"},"sensitive_attributes":[],"private":"eyJlMmJmYjczMC1lY2FhLTExZTYtOGY4OC0zNDM2M2JjN2M0YzAiOnsiY3JlYXRlIjoxODAwMDAwMDAwMDAwLCJkZWxldGUiOjE4MDAwMDAwMDAwMDAsInJlYWQiOjMwMDAwMDAwMDAwMCwidXBkYXRlIjoxODAwMDAwMDAwMDAwfX0=","dependencies":["azurerm_resource_group.rg_hub","azurerm_resource_group.rg_spoke1","module.dns_resolver.azurerm_private_dns_resolver.resolver","module.dns_resolver.azurerm_private_dns_resolver_dns_forwarding_ruleset.ruleset","module.dns_resolver.azurerm_private_dns_resolver_outbound_endpoint.outbound","module.hub.azurerm_subnet.dns_outbound","module.hub.azurerm_virtual_network.hub","module.spoke1.azurerm_virtual_network.spoke"]},{"index_key":"spoke1","schema_version":0,"attributes":{"dns_forwarding_ruleset_id":"/subscriptions/5f6d5ced-5576-4c49-bb83-aefa1d3168db/resourceGroups/rg-sb-mvp-lab-hub-network/providers/Microsoft.Network/dnsForwardingRulesets/sb-mvp-lab-dnspr-ruleset","id":"/subscriptions/5f6d5ced-5576-4c49-bb83-aefa1d3168db/resourceGroups/rg-sb-mvp-lab-hub-network/providers/Microsoft.Network/dnsForwardingRulesets/sb-mvp-lab-dnspr-ruleset/virtualNetworkLinks/link-spoke1","metadata":{},"name":"link-spoke1","timeouts":null,"virtual_network_id":"/subscriptions/5f6d5ced-5576-4c49-bb83-aefa1d3168db/resourceGroups/rg-sb-mvp-lab-spoke1-network/providers/Microsoft.Network/virtualNetworks/sb-mvp-lab-vnet-spoke1"},"sensitive_attributes":[],"private":"eyJlMmJmYjczMC1lY2FhLTExZTYtOGY4OC0zNDM2M2JjN2M0YzAiOnsiY3JlYXRlIjoxODAwMDAwMDAwMDAwLCJkZWxldGUiOjE4MDAwMDAwMDAwMDAsInJlYWQiOjMwMDAwMDAwMDAwMCwidXBkYXRlIjoxODAwMDAwMDAwMDAwfX0=","dependencies":["azurerm_resource_group.rg_hub","azurerm_resource_group.rg_spoke1","module.dns_resolver.azurerm_private_dns_resolver.resolver","module.dns_resolver.azurerm_private_dns_resolver_dns_forwarding_ruleset.ruleset","module.dns_resolver.azurerm_private_dns_resolver_outbound_endpoint.outbound","module.hub.azurerm_subnet.dns_outbound","module.hub.azurerm_virtual_network.hub","module.spoke1.azurerm_virtual_network.spoke"]}]},{"module":"module.firewall","mode":"managed","type":"azurerm_firewall","name":"fw","provider":"provider[\"registry.opentofu.org/hashicorp/azurerm\"]","instances":[{"schema_version":0,"attributes":{"dns_proxy_enabled":false,"dns_servers":null,"firewall_policy_id":"","id":"/subscriptions/5f6d5ced-5576-4c49-bb83-aefa1d3168db/resourceGroups/rg-sb-mvp-lab-hub-network/providers/Microsoft.Network/azureFirewalls/sb-mvp-lab-azfw","ip_configuration":[{"name":"ipconfig","private_ip_address":"10.10.1.4","public_ip_address_id":"/subscriptions/5f6d5ced-5576-4c49-bb83-aefa1d3168db/resourceGroups/rg-sb-mvp-lab-hub-network/providers/Microsoft.Network/publicIPAddresses/sb-mvp-lab-pip-azfw","subnet_id":"/subscriptions/5f6d5ced-5576-4c49-bb83-aefa1d3168db/resourceGroups/rg-sb-mvp-lab-hub-network/providers/Microsoft.Network/virtualNetworks/sb-mvp-lab-vnet-hub/subnets/AzureFirewallSubnet"}],"location":"centralus","management_ip_configuration":[],"name":"sb-mvp-lab-azfw","private_ip_ranges":null,"resource_group_name":"rg-sb-mvp-lab-hub-network","sku_name":"AZFW_VNet","sku_tier":"Standard","tags":null,"threat_intel_mode":"Alert","timeouts":null,"virtual_hub":[],"zones":null},"sensitive_attributes":[],"private":"eyJlMmJmYjczMC1lY2FhLTExZTYtOGY4OC0zNDM2M2JjN2M0YzAiOnsiY3JlYXRlIjo1NDAwMDAwMDAwMDAwLCJkZWxldGUiOjU0MDAwMDAwMDAwMDAsInJlYWQiOjMwMDAwMDAwMDAwMCwidXBkYXRlIjo1NDAwMDAwMDAwMDAwfX0=","dependencies":["azurerm_resource_group.rg_hub","module.firewall.azurerm_public_ip.pip","module.hub.azurerm_subnet.firewall","module.hub.azurerm_virtual_network.hub"]}]},{"module":"module.firewall","mode":"managed","type":"azurerm_public_ip","name":"pip","provider":"provider[\"registry.opentofu.org/hashicorp/azurerm\"]","instances":[{"schema_version":0,"attributes":{"allocation_method":"Static","ddos_protection_mode":"VirtualNetworkInherited","ddos_protection_plan_id":null,"domain_name_label":null,"domain_name_label_scope":null,"edge_zone":"","fqdn":null,"id":"/subscriptions/5f6d5ced-5576-4c49-bb83-aefa1d3168db/resourceGroups/rg-sb-mvp-lab-hub-network/providers/Microsoft.Network/publicIPAddresses/sb-mvp-lab-pip-azfw","idle_timeout_in_minutes":4,"ip_address":"20.12.192.228","ip_tags":{},"ip_version":"IPv4","location":"centralus","name":"sb-mvp-lab-pip-azfw","public_ip_prefix_id":null,"resource_group_name":"rg-sb-mvp-lab-hub-network","reverse_fqdn":null,"sku":"Standard","sku_tier":"Regional","tags":{},"timeouts":null,"zones":[]},"sensitive_attributes":[],"private":"eyJlMmJmYjczMC1lY2FhLTExZTYtOGY4OC0zNDM2M2JjN2M0YzAiOnsiY3JlYXRlIjoxODAwMDAwMDAwMDAwLCJkZWxldGUiOjE4MDAwMDAwMDAwMDAsInJlYWQiOjMwMDAwMDAwMDAwMCwidXBkYXRlIjoxODAwMDAwMDAwMDAwfX0=","dependencies":["azurerm_resource_group.rg_hub"]}]},{"module":"module.hub","mode":"managed","type":"azurerm_subnet","name":"dns_inbound","provider":"provider[\"registry.opentofu.org/hashicorp/azurerm\"]","instances":[{"schema_version":0,"attributes":{"address_prefixes":["10.10.4.0/28"],"default_outbound_access_enabled":true,"delegation":[{"name":"dns-inbound","service_delegation":[{"actions":["Microsoft.Network/virtualNetworks/subnets/join/action"],"name":"Microsoft.Network/dnsResolvers"}]}],"id":"/subscriptions/5f6d5ced-5576-4c49-bb83-aefa1d3168db/resourceGroups/rg-sb-mvp-lab-hub-network/providers/Microsoft.Network/virtualNetworks/sb-mvp-lab-vnet-hub/subnets/DnsInbound","ip_address_pool":[],"name":"DnsInbound","private_endpoint_network_policies":"Disabled","private_link_service_network_policies_enabled":true,"resource_group_name":"rg-sb-mvp-lab-hub-network","service_endpoint_policy_ids":[],"service_endpoints":[],"sharing_scope":"","timeouts":null,"virtual_network_name":"sb-mvp-lab-vnet-hub"},"sensitive_attributes":[],"private":"eyJlMmJmYjczMC1lY2FhLTExZTYtOGY4OC0zNDM2M2JjN2M0YzAiOnsiY3JlYXRlIjoxODAwMDAwMDAwMDAwLCJkZWxldGUiOjE4MDAwMDAwMDAwMDAsInJlYWQiOjMwMDAwMDAwMDAwMCwidXBkYXRlIjoxODAwMDAwMDAwMDAwfX0=","dependencies":["azurerm_resource_group.rg_hub","module.hub.azurerm_virtual_network.hub"]}]},{"module":"module.hub","mode":"managed","type":"azurerm_subnet","name":"dns_outbound","provider":"provider[\"registry.opentofu.org/hashicorp/azurerm\"]","instances":[{"schema_version":0,"attributes":{"address_prefixes":["10.10.5.0/28"],"default_outbound_access_enabled":true,"delegation":[{"name":"dns-outbound","service_delegation":[{"actions":["Microsoft.Network/virtualNetworks/subnets/join/action"],"name":"Microsoft.Network/dnsResolvers"}]}],"id":"/subscriptions/5f6d5ced-5576-4c49-bb83-aefa1d3168db/resourceGroups/rg-sb-mvp-lab-hub-network/providers/Microsoft.Network/virtualNetworks/sb-mvp-lab-vnet-hub/subnets/DnsOutbound","ip_address_pool":[],"name":"DnsOutbound","private_endpoint_network_policies":"Disabled","private_link_service_network_policies_enabled":true,"resource_group_name":"rg-sb-mvp-lab-hub-network","service_endpoint_policy_ids":[],"service_endpoints":[],"sharing_scope":"","timeouts":null,"virtual_network_name":"sb-mvp-lab-vnet-hub"},"sensitive_attributes":[],"private":"eyJlMmJmYjczMC1lY2FhLTExZTYtOGY4OC0zNDM2M2JjN2M0YzAiOnsiY3JlYXRlIjoxODAwMDAwMDAwMDAwLCJkZWxldGUiOjE4MDAwMDAwMDAwMDAsInJlYWQiOjMwMDAwMDAwMDAwMCwidXBkYXRlIjoxODAwMDAwMDAwMDAwfX0=","dependencies":["azurerm_resource_group.rg_hub","module.hub.azurerm_virtual_network.hub"]}]},{"module":"module.hub","mode":"managed","type":"azurerm_subnet","name":"firewall","provider":"provider[\"registry.opentofu.org/hashicorp/azurerm\"]","instances":[{"schema_version":0,"attributes":{"address_prefixes":["10.10.1.0/26"],"default_outbound_access_enabled":true,"delegation":[],"id":"/subscriptions/5f6d5ced-5576-4c49-bb83-aefa1d3168db/resourceGroups/rg-sb-mvp-lab-hub-network/providers/Microsoft.Network/virtualNetworks/sb-mvp-lab-vnet-hub/subnets/AzureFirewallSubnet","ip_address_pool":[],"name":"AzureFirewallSubnet","private_endpoint_network_policies":"Disabled","private_link_service_network_policies_enabled":true,"resource_group_name":"rg-sb-mvp-lab-hub-network","service_endpoint_policy_ids":[],"service_endpoints":[],"sharing_scope":"","timeouts":null,"virtual_network_name":"sb-mvp-lab-vnet-hub"},"sensitive_attributes":[],"private":"eyJlMmJmYjczMC1lY2FhLTExZTYtOGY4OC0zNDM2M2JjN2M0YzAiOnsiY3JlYXRlIjoxODAwMDAwMDAwMDAwLCJkZWxldGUiOjE4MDAwMDAwMDAwMDAsInJlYWQiOjMwMDAwMDAwMDAwMCwidXBkYXRlIjoxODAwMDAwMDAwMDAwfX0=","dependencies":["azurerm_resource_group.rg_hub","module.hub.azurerm_virtual_network.hub"]}]},{"module":"module.hub","mode":"managed","type":"azurerm_subnet","name":"gateway","provider":"provider[\"registry.opentofu.org/hashicorp/azurerm\"]","instances":[{"schema_version":0,"attributes":{"address_prefixes":["10.10.2.0/27"],"default_outbound_access_enabled":true,"delegation":[],"id":"/subscriptions/5f6d5ced-5576-4c49-bb83-aefa1d3168db/resourceGroups/rg-sb-mvp-lab-hub-network/providers/Microsoft.Network/virtualNetworks/sb-mvp-lab-vnet-hub/subnets/GatewaySubnet","ip_address_pool":[],"name":"GatewaySubnet","private_endpoint_network_policies":"Disabled","private_link_service_network_policies_enabled":true,"resource_group_name":"rg-sb-mvp-lab-hub-network","service_endpoint_policy_ids":[],"service_endpoints":[],"sharing_scope":"","timeouts":null,"virtual_network_name":"sb-mvp-lab-vnet-hub"},"sensitive_attributes":[],"private":"eyJlMmJmYjczMC1lY2FhLTExZTYtOGY4OC0zNDM2M2JjN2M0YzAiOnsiY3JlYXRlIjoxODAwMDAwMDAwMDAwLCJkZWxldGUiOjE4MDAwMDAwMDAwMDAsInJlYWQiOjMwMDAwMDAwMDAwMCwidXBkYXRlIjoxODAwMDAwMDAwMDAwfX0=","dependencies":["azurerm_resource_group.rg_hub","module.hub.azurerm_virtual_network.hub"]}]},{"module":"module.hub","mode":"managed","type":"azurerm_subnet","name":"management","provider":"provider[\"registry.opentofu.org/hashicorp/azurerm\"]","instances":[{"schema_version":0,"attributes":{"address_prefixes":["10.10.3.0/24"],"default_outbound_access_enabled":true,"delegation":[],"id":"/subscriptions/5f6d5ced-5576-4c49-bb83-aefa1d3168db/resourceGroups/rg-sb-mvp-lab-hub-network/providers/Microsoft.Network/virtualNetworks/sb-mvp-lab-vnet-hub/subnets/Management","ip_address_pool":[],"name":"Management","private_endpoint_network_policies":"Disabled","private_link_service_network_policies_enabled":true,"resource_group_name":"rg-sb-mvp-lab-hub-network","service_endpoint_policy_ids":[],"service_endpoints":[],"sharing_scope":"","timeouts":null,"virtual_network_name":"sb-mvp-lab-vnet-hub"},"sensitive_attributes":[],"private":"eyJlMmJmYjczMC1lY2FhLTExZTYtOGY4OC0zNDM2M2JjN2M0YzAiOnsiY3JlYXRlIjoxODAwMDAwMDAwMDAwLCJkZWxldGUiOjE4MDAwMDAwMDAwMDAsInJlYWQiOjMwMDAwMDAwMDAwMCwidXBkYXRlIjoxODAwMDAwMDAwMDAwfX0=","dependencies":["azurerm_resource_group.rg_hub","module.hub.azurerm_virtual_network.hub"]}]},{"module":"module.hub","mode":"managed","type":"azurerm_virtual_network","name":"hub","provider":"provider[\"registry.opentofu.org/hashicorp/azurerm\"]","instances":[{"schema_version":0,"attributes":{"address_space":["10.10.0.0/16"],"bgp_community":"","ddos_protection_plan":[],"dns_servers":[],"edge_zone":"","encryption":[],"flow_timeout_in_minutes":0,"guid":"b815c5c9-4053-47f0-af3f-31c709460821","id":"/subscriptions/5f6d5ced-5576-4c49-bb83-aefa1d3168db/resourceGroups/rg-sb-mvp-lab-hub-network/providers/Microsoft.Network/virtualNetworks/sb-mvp-lab-vnet-hub","ip_address_pool":[],"location":"centralus","name":"sb-mvp-lab-vnet-hub","private_endpoint_vnet_policies":"Disabled","resource_group_name":"rg-sb-mvp-lab-hub-network","subnet":[{"address_prefixes":["10.10.1.0/26"],"default_outbound_access_enabled":true,"delegation":[],"id":"/subscriptions/5f6d5ced-5576-4c49-bb83-aefa1d3168db/resourceGroups/rg-sb-mvp-lab-hub-network/providers/Microsoft.Network/virtualNetworks/sb-mvp-lab-vnet-hub/subnets/AzureFirewallSubnet","name":"AzureFirewallSubnet","private_endpoint_network_policies":"Disabled","private_link_service_network_policies_enabled":true,"route_table_id":"","security_group":"","service_endpoint_policy_ids":[],"service_endpoints":[]},{"address_prefixes":["10.10.2.0/27"],"default_outbound_access_enabled":true,"delegation":[],"id":"/subscriptions/5f6d5ced-5576-4c49-bb83-aefa1d3168db/resourceGroups/rg-sb-mvp-lab-hub-network/providers/Microsoft.Network/virtualNetworks/sb-mvp-lab-vnet-hub/subnets/GatewaySubnet","name":"GatewaySubnet","private_endpoint_network_policies":"Disabled","private_link_service_network_policies_enabled":true,"route_table_id":"","security_group":"","service_endpoint_policy_ids":[],"service_endpoints":[]},{"address_prefixes":["10.10.3.0/24"],"default_outbound_access_enabled":true,"delegation":[],"id":"/subscriptions/5f6d5ced-5576-4c49-bb83-aefa1d3168db/resourceGroups/rg-sb-mvp-lab-hub-network/providers/Microsoft.Network/virtualNetworks/sb-mvp-lab-vnet-hub/subnets/Management","name":"Management","private_endpoint_network_policies":"Disabled","private_link_service_network_policies_enabled":true,"route_table_id":"","security_group":"","service_endpoint_policy_ids":[],"service_endpoints":[]},{"address_prefixes":["10.10.4.0/28"],"default_outbound_access_enabled":true,"delegation":[{"name":"dns-inbound","service_delegation":[{"actions":["Microsoft.Network/virtualNetworks/subnets/join/action"],"name":"Microsoft.Network/dnsResolvers"}]}],"id":"/subscriptions/5f6d5ced-5576-4c49-bb83-aefa1d3168db/resourceGroups/rg-sb-mvp-lab-hub-network/providers/Microsoft.Network/virtualNetworks/sb-mvp-lab-vnet-hub/subnets/DnsInbound","name":"DnsInbound","private_endpoint_network_policies":"Disabled","private_link_service_network_policies_enabled":true,"route_table_id":"","security_group":"","service_endpoint_policy_ids":[],"service_endpoints":[]},{"address_prefixes":["10.10.5.0/28"],"default_outbound_access_enabled":true,"delegation":[{"name":"dns-outbound","service_delegation":[{"actions":["Microsoft.Network/virtualNetworks/subnets/join/action"],"name":"Microsoft.Network/dnsResolvers"}]}],"id":"/subscriptions/5f6d5ced-5576-4c49-bb83-aefa1d3168db/resourceGroups/rg-sb-mvp-lab-hub-network/providers/Microsoft.Network/virtualNetworks/sb-mvp-lab-vnet-hub/subnets/DnsOutbound","name":"DnsOutbound","private_endpoint_network_policies":"Disabled","private_link_service_network_policies_enabled":true,"route_table_id":"","security_group":"","service_endpoint_policy_ids":[],"service_endpoints":[]}],"tags":{},"timeouts":null},"sensitive_attributes":[],"private":"eyJlMmJmYjczMC1lY2FhLTExZTYtOGY4OC0zNDM2M2JjN2M0YzAiOnsiY3JlYXRlIjoxODAwMDAwMDAwMDAwLCJkZWxldGUiOjE4MDAwMDAwMDAwMDAsInJlYWQiOjMwMDAwMDAwMDAwMCwidXBkYXRlIjoxODAwMDAwMDAwMDAwfX0=","dependencies":["azurerm_resource_group.rg_hub"]}]},{"module":"module.hub_routing","mode":"managed","type":"azurerm_route","name":"default_to_fw","provider":"provider[\"registry.opentofu.org/hashicorp/azurerm\"]","instances":[{"schema_version":0,"attributes":{"address_prefix":"0.0.0.0/0","id":"/subscriptions/5f6d5ced-5576-4c49-bb83-aefa1d3168db/resourceGroups/rg-sb-mvp-lab-hub-network/providers/Microsoft.Network/routeTables/sb-mvp-lab-rt-hub-mgmt/routes/default-to-azfw","name":"default-to-azfw","next_hop_in_ip_address":"10.10.1.4","next_hop_type":"VirtualAppliance","resource_group_name":"rg-sb-mvp-lab-hub-network","route_table_name":"sb-mvp-lab-rt-hub-mgmt","timeouts":null},"sensitive_attributes":[],"private":"eyJlMmJmYjczMC1lY2FhLTExZTYtOGY4OC0zNDM2M2JjN2M0YzAiOnsiY3JlYXRlIjoxODAwMDAwMDAwMDAwLCJkZWxldGUiOjE4MDAwMDAwMDAwMDAsInJlYWQiOjMwMDAwMDAwMDAwMCwidXBkYXRlIjoxODAwMDAwMDAwMDAwfX0=","dependencies":["azurerm_resource_group.rg_hub","module.firewall.azurerm_firewall.fw","module.firewall.azurerm_public_ip.pip","module.hub.azurerm_subnet.firewall","module.hub.azurerm_virtual_network.hub","module.hub_routing.azurerm_route_table.rt"]}]},{"module":"module.hub_routing","mode":"managed","type":"azurerm_route_table","name":"rt","provider":"provider[\"registry.opentofu.org/hashicorp/azurerm\"]","instances":[{"schema_version":0,"attributes":{"bgp_route_propagation_enabled":true,"id":"/subscriptions/5f6d5ced-5576-4c49-bb83-aefa1d3168db/resourceGroups/rg-sb-mvp-lab-hub-network/providers/Microsoft.Network/routeTables/sb-mvp-lab-rt-hub-mgmt","location":"centralus","name":"sb-mvp-lab-rt-hub-mgmt","resource_group_name":"rg-sb-mvp-lab-hub-network","route":[],"subnets":[],"tags":{},"timeouts":null},"sensitive_attributes":[],"private":"eyJlMmJmYjczMC1lY2FhLTExZTYtOGY4OC0zNDM2M2JjN2M0YzAiOnsiY3JlYXRlIjoxODAwMDAwMDAwMDAwLCJkZWxldGUiOjE4MDAwMDAwMDAwMDAsInJlYWQiOjMwMDAwMDAwMDAwMCwidXBkYXRlIjoxODAwMDAwMDAwMDAwfX0=","dependencies":["azurerm_resource_group.rg_hub"]}]},{"module":"module.hub_routing","mode":"managed","type":"azurerm_subnet_route_table_association","name":"assoc","provider":"provider[\"registry.opentofu.org/hashicorp/azurerm\"]","instances":[{"schema_version":0,"attributes":{"id":"/subscriptions/5f6d5ced-5576-4c49-bb83-aefa1d3168db/resourceGroups/rg-sb-mvp-lab-hub-network/providers/Microsoft.Network/virtualNetworks/sb-mvp-lab-vnet-hub/subnets/Management","route_table_id":"/subscriptions/5f6d5ced-5576-4c49-bb83-aefa1d3168db/resourceGroups/rg-sb-mvp-lab-hub-network/providers/Microsoft.Network/routeTables/sb-mvp-lab-rt-hub-mgmt","subnet_id":"/subscriptions/5f6d5ced-5576-4c49-bb83-aefa1d3168db/resourceGroups/rg-sb-mvp-lab-hub-network/providers/Microsoft.Network/virtualNetworks/sb-mvp-lab-vnet-hub/subnets/Management","timeouts":null},"sensitive_attributes":[],"private":"eyJlMmJmYjczMC1lY2FhLTExZTYtOGY4OC0zNDM2M2JjN2M0YzAiOnsiY3JlYXRlIjoxODAwMDAwMDAwMDAwLCJkZWxldGUiOjE4MDAwMDAwMDAwMDAsInJlYWQiOjMwMDAwMDAwMDAwMH19","dependencies":["azurerm_resource_group.rg_hub","module.hub.azurerm_subnet.management","module.hub.azurerm_virtual_network.hub","module.hub_routing.azurerm_route_table.rt"]}]},{"module":"module.peering_routing","mode":"managed","type":"azurerm_route","name":"default","provider":"provider[\"registry.opentofu.org/hashicorp/azurerm\"]","instances":[{"schema_version":0,"attributes":{"address_prefix":"0.0.0.0/0","id":"/subscriptions/5f6d5ced-5576-4c49-bb83-aefa1d3168db/resourceGroups/rg-sb-mvp-lab-spoke1-network/providers/Microsoft.Network/routeTables/sb-mvp-lab-rt-spoke1/routes/default-to-azfw","name":"default-to-azfw","next_hop_in_ip_address":"10.10.1.4","next_hop_type":"VirtualAppliance","resource_group_name":"rg-sb-mvp-lab-spoke1-network","route_table_name":"sb-mvp-lab-rt-spoke1","timeouts":null},"sensitive_attributes":[],"private":"eyJlMmJmYjczMC1lY2FhLTExZTYtOGY4OC0zNDM2M2JjN2M0YzAiOnsiY3JlYXRlIjoxODAwMDAwMDAwMDAwLCJkZWxldGUiOjE4MDAwMDAwMDAwMDAsInJlYWQiOjMwMDAwMDAwMDAwMCwidXBkYXRlIjoxODAwMDAwMDAwMDAwfX0=","dependencies":["azurerm_resource_group.rg_hub","azurerm_resource_group.rg_spoke1","module.firewall.azurerm_firewall.fw","module.firewall.azurerm_public_ip.pip","module.hub.azurerm_subnet.firewall","module.hub.azurerm_virtual_network.hub","module.peering_routing.azurerm_route_table.rt"]}]},{"module":"module.peering_routing","mode":"managed","type":"azurerm_route_table","name":"rt","provider":"provider[\"registry.opentofu.org/hashicorp/azurerm\"]","instances":[{"schema_version":0,"attributes":{"bgp_route_propagation_enabled":true,"id":"/subscriptions/5f6d5ced-5576-4c49-bb83-aefa1d3168db/resourceGroups/rg-sb-mvp-lab-spoke1-network/providers/Microsoft.Network/routeTables/sb-mvp-lab-rt-spoke1","location":"centralus","name":"sb-mvp-lab-rt-spoke1","resource_group_name":"rg-sb-mvp-lab-spoke1-network","route":[],"subnets":["/subscriptions/5f6d5ced-5576-4c49-bb83-aefa1d3168db/resourceGroups/rg-sb-mvp-lab-spoke1-network/providers/Microsoft.Network/virtualNetworks/sb-mvp-lab-vnet-spoke1/subnets/APIs","/subscriptions/5f6d5ced-5576-4c49-bb83-aefa1d3168db/resourceGroups/rg-sb-mvp-lab-spoke1-network/providers/Microsoft.Network/virtualNetworks/sb-mvp-lab-vnet-spoke1/subnets/Apps","/subscriptions/5f6d5ced-5576-4c49-bb83-aefa1d3168db/resourceGroups/rg-sb-mvp-lab-spoke1-network/providers/Microsoft.Network/virtualNetworks/sb-mvp-lab-vnet-spoke1/subnets/Data"],"tags":{},"timeouts":null},"sensitive_attributes":[],"private":"eyJlMmJmYjczMC1lY2FhLTExZTYtOGY4OC0zNDM2M2JjN2M0YzAiOnsiY3JlYXRlIjoxODAwMDAwMDAwMDAwLCJkZWxldGUiOjE4MDAwMDAwMDAwMDAsInJlYWQiOjMwMDAwMDAwMDAwMCwidXBkYXRlIjoxODAwMDAwMDAwMDAwfX0=","dependencies":["azurerm_resource_group.rg_spoke1"]}]},{"module":"module.peering_routing","mode":"managed","type":"azurerm_subnet_route_table_association","name":"assoc","provider":"provider[\"registry.opentofu.org/hashicorp/azurerm\"]","instances":[{"index_key":"apis","schema_version":0,"attributes":{"id":"/subscriptions/5f6d5ced-5576-4c49-bb83-aefa1d3168db/resourceGroups/rg-sb-mvp-lab-spoke1-network/providers/Microsoft.Network/virtualNetworks/sb-mvp-lab-vnet-spoke1/subnets/APIs","route_table_id":"/subscriptions/5f6d5ced-5576-4c49-bb83-aefa1d3168db/resourceGroups/rg-sb-mvp-lab-spoke1-network/providers/Microsoft.Network/routeTables/sb-mvp-lab-rt-spoke1","subnet_id":"/subscriptions/5f6d5ced-5576-4c49-bb83-aefa1d3168db/resourceGroups/rg-sb-mvp-lab-spoke1-network/providers/Microsoft.Network/virtualNetworks/sb-mvp-lab-vnet-spoke1/subnets/APIs","timeouts":null},"sensitive_attributes":[],"private":"eyJlMmJmYjczMC1lY2FhLTExZTYtOGY4OC0zNDM2M2JjN2M0YzAiOnsiY3JlYXRlIjoxODAwMDAwMDAwMDAwLCJkZWxldGUiOjE4MDAwMDAwMDAwMDAsInJlYWQiOjMwMDAwMDAwMDAwMH19","dependencies":["azurerm_resource_group.rg_spoke1","module.peering_routing.azurerm_route_table.rt","module.spoke1.azurerm_subnet.apis","module.spoke1.azurerm_subnet.apps","module.spoke1.azurerm_subnet.data","module.spoke1.azurerm_virtual_network.spoke"]},{"index_key":"apps","schema_version":0,"attributes":{"id":"/subscriptions/5f6d5ced-5576-4c49-bb83-aefa1d3168db/resourceGroups/rg-sb-mvp-lab-spoke1-network/providers/Microsoft.Network/virtualNetworks/sb-mvp-lab-vnet-spoke1/subnets/Apps","route_table_id":"/subscriptions/5f6d5ced-5576-4c49-bb83-aefa1d3168db/resourceGroups/rg-sb-mvp-lab-spoke1-network/providers/Microsoft.Network/routeTables/sb-mvp-lab-rt-spoke1","subnet_id":"/subscriptions/5f6d5ced-5576-4c49-bb83-aefa1d3168db/resourceGroups/rg-sb-mvp-lab-spoke1-network/providers/Microsoft.Network/virtualNetworks/sb-mvp-lab-vnet-spoke1/subnets/Apps","timeouts":null},"sensitive_attributes":[],"private":"eyJlMmJmYjczMC1lY2FhLTExZTYtOGY4OC0zNDM2M2JjN2M0YzAiOnsiY3JlYXRlIjoxODAwMDAwMDAwMDAwLCJkZWxldGUiOjE4MDAwMDAwMDAwMDAsInJlYWQiOjMwMDAwMDAwMDAwMH19","dependencies":["azurerm_resource_group.rg_spoke1","module.peering_routing.azurerm_route_table.rt","module.spoke1.azurerm_subnet.apis","module.spoke1.azurerm_subnet.apps","module.spoke1.azurerm_subnet.data","module.spoke1.azurerm_virtual_network.spoke"]},{"index_key":"data","schema_version":0,"attributes":{"id":"/subscriptions/5f6d5ced-5576-4c49-bb83-aefa1d3168db/resourceGroups/rg-sb-mvp-lab-spoke1-network/providers/Microsoft.Network/virtualNetworks/sb-mvp-lab-vnet-spoke1/subnets/Data","route_table_id":"/subscriptions/5f6d5ced-5576-4c49-bb83-aefa1d3168db/resourceGroups/rg-sb-mvp-lab-spoke1-network/providers/Microsoft.Network/routeTables/sb-mvp-lab-rt-spoke1","subnet_id":"/subscriptions/5f6d5ced-5576-4c49-bb83-aefa1d3168db/resourceGroups/rg-sb-mvp-lab-spoke1-network/providers/Microsoft.Network/virtualNetworks/sb-mvp-lab-vnet-spoke1/subnets/Data","timeouts":null},"sensitive_attributes":[],"private":"eyJlMmJmYjczMC1lY2FhLTExZTYtOGY4OC0zNDM2M2JjN2M0YzAiOnsiY3JlYXRlIjoxODAwMDAwMDAwMDAwLCJkZWxldGUiOjE4MDAwMDAwMDAwMDAsInJlYWQiOjMwMDAwMDAwMDAwMH19","dependencies":["azurerm_resource_group.rg_spoke1","module.peering_routing.azurerm_route_table.rt","module.spoke1.azurerm_subnet.apis","module.spoke1.azurerm_subnet.apps","module.spoke1.azurerm_subnet.data","module.spoke1.azurerm_virtual_network.spoke"]}]},{"module":"module.peering_routing","mode":"managed","type":"azurerm_virtual_network_peering","name":"hub_to_spoke","provider":"provider[\"registry.opentofu.org/hashicorp/azurerm\"]","instances":[{"schema_version":0,"attributes":{"allow_forwarded_traffic":true,"allow_gateway_transit":false,"allow_virtual_network_access":true,"id":"/subscriptions/5f6d5ced-5576-4c49-bb83-aefa1d3168db/resourceGroups/rg-sb-mvp-lab-hub-network/providers/Microsoft.Network/virtualNetworks/sb-mvp-lab-vnet-hub/virtualNetworkPeerings/peer-hub-to-spoke1","local_subnet_names":[],"name":"peer-hub-to-spoke1","only_ipv6_peering_enabled":false,"peer_complete_virtual_networks_enabled":true,"remote_subnet_names":[],"remote_virtual_network_id":"/subscriptions/5f6d5ced-5576-4c49-bb83-aefa1d3168db/resourceGroups/rg-sb-mvp-lab-spoke1-network/providers/Microsoft.Network/virtualNetworks/sb-mvp-lab-vnet-spoke1","resource_group_name":"rg-sb-mvp-lab-hub-network","timeouts":null,"triggers":null,"use_remote_gateways":false,"virtual_network_name":"sb-mvp-lab-vnet-hub"},"sensitive_attributes":[],"private":"eyJlMmJmYjczMC1lY2FhLTExZTYtOGY4OC0zNDM2M2JjN2M0YzAiOnsiY3JlYXRlIjoxODAwMDAwMDAwMDAwLCJkZWxldGUiOjE4MDAwMDAwMDAwMDAsInJlYWQiOjMwMDAwMDAwMDAwMCwidXBkYXRlIjoxODAwMDAwMDAwMDAwfX0=","dependencies":["azurerm_resource_group.rg_hub","azurerm_resource_group.rg_spoke1","module.hub.azurerm_virtual_network.hub","module.spoke1.azurerm_virtual_network.spoke"]}]},{"module":"module.peering_routing","mode":"managed","type":"azurerm_virtual_network_peering","name":"spoke_to_hub","provider":"provider[\"registry.opentofu.org/hashicorp/azurerm\"]","instances":[{"schema_version":0,"attributes":{"allow_forwarded_traffic":true,"allow_gateway_transit":false,"allow_virtual_network_access":true,"id":"/subscriptions/5f6d5ced-5576-4c49-bb83-aefa1d3168db/resourceGroups/rg-sb-mvp-lab-spoke1-network/providers/Microsoft.Network/virtualNetworks/sb-mvp-lab-vnet-spoke1/virtualNetworkPeerings/peer-spoke1-to-hub","local_subnet_names":[],"name":"peer-spoke1-to-hub","only_ipv6_peering_enabled":false,"peer_complete_virtual_networks_enabled":true,"remote_subnet_names":[],"remote_virtual_network_id":"/subscriptions/5f6d5ced-5576-4c49-bb83-aefa1d3168db/resourceGroups/rg-sb-mvp-lab-hub-network/providers/Microsoft.Network/virtualNetworks/sb-mvp-lab-vnet-hub","resource_group_name":"rg-sb-mvp-lab-spoke1-network","timeouts":null,"triggers":null,"use_remote_gateways":false,"virtual_network_name":"sb-mvp-lab-vnet-spoke1"},"sensitive_attributes":[],"private":"eyJlMmJmYjczMC1lY2FhLTExZTYtOGY4OC0zNDM2M2JjN2M0YzAiOnsiY3JlYXRlIjoxODAwMDAwMDAwMDAwLCJkZWxldGUiOjE4MDAwMDAwMDAwMDAsInJlYWQiOjMwMDAwMDAwMDAwMCwidXBkYXRlIjoxODAwMDAwMDAwMDAwfX0=","dependencies":["azurerm_resource_group.rg_hub","azurerm_resource_group.rg_spoke1","module.hub.azurerm_virtual_network.hub","module.spoke1.azurerm_virtual_network.spoke"]}]},{"module":"module.services","mode":"managed","type":"azurerm_container_registry","name":"acr","provider":"provider[\"registry.opentofu.org/hashicorp/azurerm\"]","instances":[{"schema_version":2,"attributes":{"admin_enabled":false,"admin_password":"","admin_username":"","anonymous_pull_enabled":false,"data_endpoint_enabled":false,"data_endpoint_host_names":["acrlabsteve12345.centralus.data.azurecr.io"],"encryption":[],"export_policy_enabled":true,"georeplications":[],"id":"/subscriptions/5f6d5ced-5576-4c49-bb83-aefa1d3168db/resourceGroups/rg-sb-mvp-lab-management/providers/Microsoft.ContainerRegistry/registries/acrlabsteve12345","identity":[],"location":"centralus","login_server":"acrlabsteve12345.azurecr.io","name":"acrlabsteve12345","network_rule_bypass_option":"AzureServices","network_rule_set":[{"default_action":"Allow","ip_rule":[]}],"public_network_access_enabled":false,"quarantine_policy_enabled":false,"resource_group_name":"rg-sb-mvp-lab-management","retention_policy_in_days":0,"sku":"Premium","tags":{},"timeouts":null,"trust_policy_enabled":false,"zone_redundancy_enabled":false},"sensitive_attributes":[[{"type":"get_attr","value":"admin_password"}]],"private":"eyJlMmJmYjczMC1lY2FhLTExZTYtOGY4OC0zNDM2M2JjN2M0YzAiOnsiY3JlYXRlIjoxODAwMDAwMDAwMDAwLCJkZWxldGUiOjE4MDAwMDAwMDAwMDAsInJlYWQiOjMwMDAwMDAwMDAwMCwidXBkYXRlIjoxODAwMDAwMDAwMDAwfSwic2NoZW1hX3ZlcnNpb24iOiIyIn0=","dependencies":["azurerm_resource_group.rg_mgmt"]}]},{"module":"module.services","mode":"managed","type":"azurerm_key_vault","name":"kv","provider":"provider[\"registry.opentofu.org/hashicorp/azurerm\"]","instances":[{"schema_version":2,"attributes":{"access_policy":[],"contact":[],"enable_rbac_authorization":false,"enabled_for_deployment":false,"enabled_for_disk_encryption":false,"enabled_for_template_deployment":false,"id":"/subscriptions/5f6d5ced-5576-4c49-bb83-aefa1d3168db/resourceGroups/rg-sb-mvp-lab-management/providers/Microsoft.KeyVault/vaults/kvlabsteve12345","location":"centralus","name":"kvlabsteve12345","network_acls":[{"bypass":"AzureServices","default_action":"Allow","ip_rules":[],"virtual_network_subnet_ids":[]}],"public_network_access_enabled":false,"purge_protection_enabled":false,"rbac_authorization_enabled":false,"resource_group_name":"rg-sb-mvp-lab-management","sku_name":"standard","soft_delete_retention_days":7,"tags":{},"tenant_id":"3a5ab5f7-6efc-4a9f-8acd-f3946b2af582","timeouts":null,"vault_uri":"https://kvlabsteve12345.vault.azure.net/"},"sensitive_attributes":[],"private":"eyJlMmJmYjczMC1lY2FhLTExZTYtOGY4OC0zNDM2M2JjN2M0YzAiOnsiY3JlYXRlIjoxODAwMDAwMDAwMDAwLCJkZWxldGUiOjE4MDAwMDAwMDAwMDAsInJlYWQiOjMwMDAwMDAwMDAwMCwidXBkYXRlIjoxODAwMDAwMDAwMDAwfSwic2NoZW1hX3ZlcnNpb24iOiIyIn0=","dependencies":["azurerm_resource_group.rg_mgmt"]}]},{"module":"module.services","mode":"managed","type":"azurerm_private_dns_zone","name":"acr_zone","provider":"provider[\"registry.opentofu.org/hashicorp/azurerm\"]","instances":[{"schema_version":0,"attributes":{"id":"/subscriptions/5f6d5ced-5576-4c49-bb83-aefa1d3168db/resourceGroups/rg-sb-mvp-lab-management/providers/Microsoft.Network/privateDnsZones/privatelink.azurecr.io","max_number_of_record_sets":25000,"max_number_of_virtual_network_links":1000,"max_number_of_virtual_network_links_with_registration":100,"name":"privatelink.azurecr.io","number_of_record_sets":3,"resource_group_name":"rg-sb-mvp-lab-management","soa_record":[{"email":"azureprivatedns-host.microsoft.com","expire_time":2419200,"fqdn":"privatelink.azurecr.io.","host_name":"azureprivatedns.net","minimum_ttl":10,"refresh_time":3600,"retry_time":300,"serial_number":1,"tags":{},"ttl":3600}],"tags":{},"timeouts":null},"sensitive_attributes":[],"private":"eyJlMmJmYjczMC1lY2FhLTExZTYtOGY4OC0zNDM2M2JjN2M0YzAiOnsiY3JlYXRlIjoxODAwMDAwMDAwMDAwLCJkZWxldGUiOjE4MDAwMDAwMDAwMDAsInJlYWQiOjMwMDAwMDAwMDAwMCwidXBkYXRlIjoxODAwMDAwMDAwMDAwfX0=","dependencies":["azurerm_resource_group.rg_mgmt"]}]},{"module":"module.services","mode":"managed","type":"azurerm_private_dns_zone","name":"kv_zone","provider":"provider[\"registry.opentofu.org/hashicorp/azurerm\"]","instances":[{"schema_version":0,"attributes":{"id":"/subscriptions/5f6d5ced-5576-4c49-bb83-aefa1d3168db/resourceGroups/rg-sb-mvp-lab-management/providers/Microsoft.Network/privateDnsZones/privatelink.vaultcore.azure.net","max_number_of_record_sets":25000,"max_number_of_virtual_network_links":1000,"max_number_of_virtual_network_links_with_registration":100,"name":"privatelink.vaultcore.azure.net","number_of_record_sets":2,"resource_group_name":"rg-sb-mvp-lab-management","soa_record":[{"email":"azureprivatedns-host.microsoft.com","expire_time":2419200,"fqdn":"privatelink.vaultcore.azure.net.","host_name":"azureprivatedns.net","minimum_ttl":10,"refresh_time":3600,"retry_time":300,"serial_number":1,"tags":{},"ttl":3600}],"tags":{},"timeouts":null},"sensitive_attributes":[],"private":"eyJlMmJmYjczMC1lY2FhLTExZTYtOGY4OC0zNDM2M2JjN2M0YzAiOnsiY3JlYXRlIjoxODAwMDAwMDAwMDAwLCJkZWxldGUiOjE4MDAwMDAwMDAwMDAsInJlYWQiOjMwMDAwMDAwMDAwMCwidXBkYXRlIjoxODAwMDAwMDAwMDAwfX0=","dependencies":["azurerm_resource_group.rg_mgmt"]}]},{"module":"module.services","mode":"managed","type":"azurerm_private_dns_zone_virtual_network_link","name":"acr_links","provider":"provider[\"registry.opentofu.org/hashicorp/azurerm\"]","instances":[{"index_key":"hub","schema_version":0,"attributes":{"id":"/subscriptions/5f6d5ced-5576-4c49-bb83-aefa1d3168db/resourceGroups/rg-sb-mvp-lab-management/providers/Microsoft.Network/privateDnsZones/privatelink.azurecr.io/virtualNetworkLinks/acr-link-hub","name":"acr-link-hub","private_dns_zone_name":"privatelink.azurecr.io","registration_enabled":false,"resolution_policy":"Default","resource_group_name":"rg-sb-mvp-lab-management","tags":{},"timeouts":null,"virtual_network_id":"/subscriptions/5f6d5ced-5576-4c49-bb83-aefa1d3168db/resourceGroups/rg-sb-mvp-lab-hub-network/providers/Microsoft.Network/virtualNetworks/sb-mvp-lab-vnet-hub"},"sensitive_attributes":[],"private":"eyJlMmJmYjczMC1lY2FhLTExZTYtOGY4OC0zNDM2M2JjN2M0YzAiOnsiY3JlYXRlIjoxODAwMDAwMDAwMDAwLCJkZWxldGUiOjE4MDAwMDAwMDAwMDAsInJlYWQiOjMwMDAwMDAwMDAwMCwidXBkYXRlIjoxODAwMDAwMDAwMDAwfX0=","dependencies":["azurerm_resource_group.rg_hub","azurerm_resource_group.rg_mgmt","azurerm_resource_group.rg_spoke1","module.hub.azurerm_virtual_network.hub","module.services.azurerm_private_dns_zone.acr_zone","module.spoke1.azurerm_virtual_network.spoke"]},{"index_key":"spoke1","schema_version":0,"attributes":{"id":"/subscriptions/5f6d5ced-5576-4c49-bb83-aefa1d3168db/resourceGroups/rg-sb-mvp-lab-management/providers/Microsoft.Network/privateDnsZones/privatelink.azurecr.io/virtualNetworkLinks/acr-link-spoke1","name":"acr-link-spoke1","private_dns_zone_name":"privatelink.azurecr.io","registration_enabled":false,"resolution_policy":"Default","resource_group_name":"rg-sb-mvp-lab-management","tags":{},"timeouts":null,"virtual_network_id":"/subscriptions/5f6d5ced-5576-4c49-bb83-aefa1d3168db/resourceGroups/rg-sb-mvp-lab-spoke1-network/providers/Microsoft.Network/virtualNetworks/sb-mvp-lab-vnet-spoke1"},"sensitive_attributes":[],"private":"eyJlMmJmYjczMC1lY2FhLTExZTYtOGY4OC0zNDM2M2JjN2M0YzAiOnsiY3JlYXRlIjoxODAwMDAwMDAwMDAwLCJkZWxldGUiOjE4MDAwMDAwMDAwMDAsInJlYWQiOjMwMDAwMDAwMDAwMCwidXBkYXRlIjoxODAwMDAwMDAwMDAwfX0=","dependencies":["azurerm_resource_group.rg_hub","azurerm_resource_group.rg_mgmt","azurerm_resource_group.rg_spoke1","module.hub.azurerm_virtual_network.hub","module.services.azurerm_private_dns_zone.acr_zone","module.spoke1.azurerm_virtual_network.spoke"]}]},{"module":"module.services","mode":"managed","type":"azurerm_private_dns_zone_virtual_network_link","name":"kv_links","provider":"provider[\"registry.opentofu.org/hashicorp/azurerm\"]","instances":[{"index_key":"hub","schema_version":0,"attributes":{"id":"/subscriptions/5f6d5ced-5576-4c49-bb83-aefa1d3168db/resourceGroups/rg-sb-mvp-lab-management/providers/Microsoft.Network/privateDnsZones/privatelink.vaultcore.azure.net/virtualNetworkLinks/kv-link-hub","name":"kv-link-hub","private_dns_zone_name":"privatelink.vaultcore.azure.net","registration_enabled":false,"resolution_policy":"Default","resource_group_name":"rg-sb-mvp-lab-management","tags":{},"timeouts":null,"virtual_network_id":"/subscriptions/5f6d5ced-5576-4c49-bb83-aefa1d3168db/resourceGroups/rg-sb-mvp-lab-hub-network/providers/Microsoft.Network/virtualNetworks/sb-mvp-lab-vnet-hub"},"sensitive_attributes":[],"private":"eyJlMmJmYjczMC1lY2FhLTExZTYtOGY4OC0zNDM2M2JjN2M0YzAiOnsiY3JlYXRlIjoxODAwMDAwMDAwMDAwLCJkZWxldGUiOjE4MDAwMDAwMDAwMDAsInJlYWQiOjMwMDAwMDAwMDAwMCwidXBkYXRlIjoxODAwMDAwMDAwMDAwfX0=","dependencies":["azurerm_resource_group.rg_hub","azurerm_resource_group.rg_mgmt","azurerm_resource_group.rg_spoke1","module.hub.azurerm_virtual_network.hub","module.services.azurerm_private_dns_zone.kv_zone","module.spoke1.azurerm_virtual_network.spoke"]},{"index_key":"spoke1","schema_version":0,"attributes":{"id":"/subscriptions/5f6d5ced-5576-4c49-bb83-aefa1d3168db/resourceGroups/rg-sb-mvp-lab-management/providers/Microsoft.Network/privateDnsZones/privatelink.vaultcore.azure.net/virtualNetworkLinks/kv-link-spoke1","name":"kv-link-spoke1","private_dns_zone_name":"privatelink.vaultcore.azure.net","registration_enabled":false,"resolution_policy":"Default","resource_group_name":"rg-sb-mvp-lab-management","tags":{},"timeouts":null,"virtual_network_id":"/subscriptions/5f6d5ced-5576-4c49-bb83-aefa1d3168db/resourceGroups/rg-sb-mvp-lab-spoke1-network/providers/Microsoft.Network/virtualNetworks/sb-mvp-lab-vnet-spoke1"},"sensitive_attributes":[],"private":"eyJlMmJmYjczMC1lY2FhLTExZTYtOGY4OC0zNDM2M2JjN2M0YzAiOnsiY3JlYXRlIjoxODAwMDAwMDAwMDAwLCJkZWxldGUiOjE4MDAwMDAwMDAwMDAsInJlYWQiOjMwMDAwMDAwMDAwMCwidXBkYXRlIjoxODAwMDAwMDAwMDAwfX0=","dependencies":["azurerm_resource_group.rg_hub","azurerm_resource_group.rg_mgmt","azurerm_resource_group.rg_spoke1","module.hub.azurerm_virtual_network.hub","module.services.azurerm_private_dns_zone.kv_zone","module.spoke1.azurerm_virtual_network.spoke"]}]},{"module":"module.services","mode":"managed","type":"azurerm_private_endpoint","name":"acr_pe","provider":"provider[\"registry.opentofu.org/hashicorp/azurerm\"]","instances":[{"schema_version":0,"attributes":{"custom_dns_configs":[],"custom_network_interface_name":"","id":"/subscriptions/5f6d5ced-5576-4c49-bb83-aefa1d3168db/resourceGroups/rg-sb-mvp-lab-management/providers/Microsoft.Network/privateEndpoints/sb-mvp-lab-pe-acr","ip_configuration":[],"location":"centralus","name":"sb-mvp-lab-pe-acr","network_interface":[{"id":"/subscriptions/5f6d5ced-5576-4c49-bb83-aefa1d3168db/resourceGroups/rg-sb-mvp-lab-management/providers/Microsoft.Network/networkInterfaces/sb-mvp-lab-pe-acr.nic.bbfb74e2-1012-4871-bf9a-dd9a146d73d9","name":"sb-mvp-lab-pe-acr.nic.bbfb74e2-1012-4871-bf9a-dd9a146d73d9"}],"private_dns_zone_configs":[{"id":"/subscriptions/5f6d5ced-5576-4c49-bb83-aefa1d3168db/resourceGroups/rg-sb-mvp-lab-management/providers/Microsoft.Network/privateEndpoints/sb-mvp-lab-pe-acr/privateDnsZoneGroups/acr-zone-group/privateDnsZoneConfigs/privatelink.azurecr.io","name":"privatelink.azurecr.io","private_dns_zone_id":"/subscriptions/5f6d5ced-5576-4c49-bb83-aefa1d3168db/resourceGroups/rg-sb-mvp-lab-management/providers/Microsoft.Network/privateDnsZones/privatelink.azurecr.io","record_sets":[{"fqdn":"acrlabsteve12345.centralus.data.privatelink.azurecr.io","ip_addresses":["10.20.3.4"],"name":"acrlabsteve12345.centralus.data","ttl":10,"type":"A"},{"fqdn":"acrlabsteve12345.privatelink.azurecr.io","ip_addresses":["10.20.3.5"],"name":"acrlabsteve12345","ttl":10,"type":"A"}]}],"private_dns_zone_group":[{"id":"/subscriptions/5f6d5ced-5576-4c49-bb83-aefa1d3168db/resourceGroups/rg-sb-mvp-lab-management/providers/Microsoft.Network/privateEndpoints/sb-mvp-lab-pe-acr/privateDnsZoneGroups/acr-zone-group","name":"acr-zone-group","private_dns_zone_ids":["/subscriptions/5f6d5ced-5576-4c49-bb83-aefa1d3168db/resourceGroups/rg-sb-mvp-lab-management/providers/Microsoft.Network/privateDnsZones/privatelink.azurecr.io"]}],"private_service_connection":[{"is_manual_connection":false,"name":"sb-mvp-lab-psc-acr","private_connection_resource_alias":"","private_connection_resource_id":"/subscriptions/5f6d5ced-5576-4c49-bb83-aefa1d3168db/resourceGroups/rg-sb-mvp-lab-management/providers/Microsoft.ContainerRegistry/registries/acrlabsteve12345","private_ip_address":"10.20.3.4","request_message":"","subresource_names":["registry"]}],"resource_group_name":"rg-sb-mvp-lab-management","subnet_id":"/subscriptions/5f6d5ced-5576-4c49-bb83-aefa1d3168db/resourceGroups/rg-sb-mvp-lab-spoke1-network/providers/Microsoft.Network/virtualNetworks/sb-mvp-lab-vnet-spoke1/subnets/Data","tags":{},"timeouts":null},"sensitive_attributes":[],"private":"eyJlMmJmYjczMC1lY2FhLTExZTYtOGY4OC0zNDM2M2JjN2M0YzAiOnsiY3JlYXRlIjozNjAwMDAwMDAwMDAwLCJkZWxldGUiOjM2MDAwMDAwMDAwMDAsInJlYWQiOjMwMDAwMDAwMDAwMCwidXBkYXRlIjozNjAwMDAwMDAwMDAwfX0=","dependencies":["azurerm_resource_group.rg_mgmt","azurerm_resource_group.rg_spoke1","module.services.azurerm_container_registry.acr","module.services.azurerm_private_dns_zone.acr_zone","module.spoke1.azurerm_subnet.data","module.spoke1.azurerm_virtual_network.spoke"]}]},{"module":"module.services","mode":"managed","type":"azurerm_private_endpoint","name":"kv_pe","provider":"provider[\"registry.opentofu.org/hashicorp/azurerm\"]","instances":[{"schema_version":0,"attributes":{"custom_dns_configs":[],"custom_network_interface_name":"","id":"/subscriptions/5f6d5ced-5576-4c49-bb83-aefa1d3168db/resourceGroups/rg-sb-mvp-lab-management/providers/Microsoft.Network/privateEndpoints/sb-mvp-lab-pe-kv","ip_configuration":[],"location":"centralus","name":"sb-mvp-lab-pe-kv","network_interface":[{"id":"/subscriptions/5f6d5ced-5576-4c49-bb83-aefa1d3168db/resourceGroups/rg-sb-mvp-lab-management/providers/Microsoft.Network/networkInterfaces/sb-mvp-lab-pe-kv.nic.b17874ee-2c17-471f-848f-e2b4604af0e6","name":"sb-mvp-lab-pe-kv.nic.b17874ee-2c17-471f-848f-e2b4604af0e6"}],"private_dns_zone_configs":[{"id":"/subscriptions/5f6d5ced-5576-4c49-bb83-aefa1d3168db/resourceGroups/rg-sb-mvp-lab-management/providers/Microsoft.Network/privateEndpoints/sb-mvp-lab-pe-kv/privateDnsZoneGroups/kv-zone-group/privateDnsZoneConfigs/privatelink.vaultcore.azure.net","name":"privatelink.vaultcore.azure.net","private_dns_zone_id":"/subscriptions/5f6d5ced-5576-4c49-bb83-aefa1d3168db/resourceGroups/rg-sb-mvp-lab-management/providers/Microsoft.Network/privateDnsZones/privatelink.vaultcore.azure.net","record_sets":[{"fqdn":"kvlabsteve12345.privatelink.vaultcore.azure.net","ip_addresses":["10.20.3.6"],"name":"kvlabsteve12345","ttl":10,"type":"A"}]}],"private_dns_zone_group":[{"id":"/subscriptions/5f6d5ced-5576-4c49-bb83-aefa1d3168db/resourceGroups/rg-sb-mvp-lab-management/providers/Microsoft.Network/privateEndpoints/sb-mvp-lab-pe-kv/privateDnsZoneGroups/kv-zone-group","name":"kv-zone-group","private_dns_zone_ids":["/subscriptions/5f6d5ced-5576-4c49-bb83-aefa1d3168db/resourceGroups/rg-sb-mvp-lab-management/providers/Microsoft.Network/privateDnsZones/privatelink.vaultcore.azure.net"]}],"private_service_connection":[{"is_manual_connection":false,"name":"sb-mvp-lab-psc-kv","private_connection_resource_alias":"","private_connection_resource_id":"/subscriptions/5f6d5ced-5576-4c49-bb83-aefa1d3168db/resourceGroups/rg-sb-mvp-lab-management/providers/Microsoft.KeyVault/vaults/kvlabsteve12345","private_ip_address":"10.20.3.6","request_message":"","subresource_names":["vault"]}],"resource_group_name":"rg-sb-mvp-lab-management","subnet_id":"/subscriptions/5f6d5ced-5576-4c49-bb83-aefa1d3168db/resourceGroups/rg-sb-mvp-lab-spoke1-network/providers/Microsoft.Network/virtualNetworks/sb-mvp-lab-vnet-spoke1/subnets/Data","tags":{},"timeouts":null},"sensitive_attributes":[],"private":"eyJlMmJmYjczMC1lY2FhLTExZTYtOGY4OC0zNDM2M2JjN2M0YzAiOnsiY3JlYXRlIjozNjAwMDAwMDAwMDAwLCJkZWxldGUiOjM2MDAwMDAwMDAwMDAsInJlYWQiOjMwMDAwMDAwMDAwMCwidXBkYXRlIjozNjAwMDAwMDAwMDAwfX0=","dependencies":["azurerm_resource_group.rg_mgmt","azurerm_resource_group.rg_spoke1","module.services.azurerm_key_vault.kv","module.services.azurerm_private_dns_zone.kv_zone","module.spoke1.azurerm_subnet.data","module.spoke1.azurerm_virtual_network.spoke"]}]},{"module":"module.spoke1","mode":"managed","type":"azurerm_subnet","name":"apis","provider":"provider[\"registry.opentofu.org/hashicorp/azurerm\"]","instances":[{"schema_version":0,"attributes":{"address_prefixes":["10.20.2.0/24"],"default_outbound_access_enabled":true,"delegation":[],"id":"/subscriptions/5f6d5ced-5576-4c49-bb83-aefa1d3168db/resourceGroups/rg-sb-mvp-lab-spoke1-network/providers/Microsoft.Network/virtualNetworks/sb-mvp-lab-vnet-spoke1/subnets/APIs","ip_address_pool":[],"name":"APIs","private_endpoint_network_policies":"Disabled","private_link_service_network_policies_enabled":true,"resource_group_name":"rg-sb-mvp-lab-spoke1-network","service_endpoint_policy_ids":[],"service_endpoints":[],"sharing_scope":"","timeouts":null,"virtual_network_name":"sb-mvp-lab-vnet-spoke1"},"sensitive_attributes":[],"private":"eyJlMmJmYjczMC1lY2FhLTExZTYtOGY4OC0zNDM2M2JjN2M0YzAiOnsiY3JlYXRlIjoxODAwMDAwMDAwMDAwLCJkZWxldGUiOjE4MDAwMDAwMDAwMDAsInJlYWQiOjMwMDAwMDAwMDAwMCwidXBkYXRlIjoxODAwMDAwMDAwMDAwfX0=","dependencies":["azurerm_resource_group.rg_spoke1","module.spoke1.azurerm_virtual_network.spoke"]}]},{"module":"module.spoke1","mode":"managed","type":"azurerm_subnet","name":"apps","provider":"provider[\"registry.opentofu.org/hashicorp/azurerm\"]","instances":[{"schema_version":0,"attributes":{"address_prefixes":["10.20.1.0/24"],"default_outbound_access_enabled":true,"delegation":[],"id":"/subscriptions/5f6d5ced-5576-4c49-bb83-aefa1d3168db/resourceGroups/rg-sb-mvp-lab-spoke1-network/providers/Microsoft.Network/virtualNetworks/sb-mvp-lab-vnet-spoke1/subnets/Apps","ip_address_pool":[],"name":"Apps","private_endpoint_network_policies":"Disabled","private_link_service_network_policies_enabled":true,"resource_group_name":"rg-sb-mvp-lab-spoke1-network","service_endpoint_policy_ids":[],"service_endpoints":[],"sharing_scope":"","timeouts":null,"virtual_network_name":"sb-mvp-lab-vnet-spoke1"},"sensitive_attributes":[],"private":"eyJlMmJmYjczMC1lY2FhLTExZTYtOGY4OC0zNDM2M2JjN2M0YzAiOnsiY3JlYXRlIjoxODAwMDAwMDAwMDAwLCJkZWxldGUiOjE4MDAwMDAwMDAwMDAsInJlYWQiOjMwMDAwMDAwMDAwMCwidXBkYXRlIjoxODAwMDAwMDAwMDAwfX0=","dependencies":["azurerm_resource_group.rg_spoke1","module.spoke1.azurerm_virtual_network.spoke"]}]},{"module":"module.spoke1","mode":"managed","type":"azurerm_subnet","name":"data","provider":"provider[\"registry.opentofu.org/hashicorp/azurerm\"]","instances":[{"schema_version":0,"attributes":{"address_prefixes":["10.20.3.0/24"],"default_outbound_access_enabled":true,"delegation":[],"id":"/subscriptions/5f6d5ced-5576-4c49-bb83-aefa1d3168db/resourceGroups/rg-sb-mvp-lab-spoke1-network/providers/Microsoft.Network/virtualNetworks/sb-mvp-lab-vnet-spoke1/subnets/Data","ip_address_pool":[],"name":"Data","private_endpoint_network_policies":"Disabled","private_link_service_network_policies_enabled":true,"resource_group_name":"rg-sb-mvp-lab-spoke1-network","service_endpoint_policy_ids":[],"service_endpoints":[],"sharing_scope":"","timeouts":null,"virtual_network_name":"sb-mvp-lab-vnet-spoke1"},"sensitive_attributes":[],"private":"eyJlMmJmYjczMC1lY2FhLTExZTYtOGY4OC0zNDM2M2JjN2M0YzAiOnsiY3JlYXRlIjoxODAwMDAwMDAwMDAwLCJkZWxldGUiOjE4MDAwMDAwMDAwMDAsInJlYWQiOjMwMDAwMDAwMDAwMCwidXBkYXRlIjoxODAwMDAwMDAwMDAwfX0=","dependencies":["azurerm_resource_group.rg_spoke1","module.spoke1.azurerm_virtual_network.spoke"]}]},{"module":"module.spoke1","mode":"managed","type":"azurerm_virtual_network","name":"spoke","provider":"provider[\"registry.opentofu.org/hashicorp/azurerm\"]","instances":[{"schema_version":0,"attributes":{"address_space":["10.20.0.0/16"],"bgp_community":"","ddos_protection_plan":[],"dns_servers":[],"edge_zone":"","encryption":[],"flow_timeout_in_minutes":0,"guid":"8e3c8b57-d190-4ab9-9754-cf010d7dabe1","id":"/subscriptions/5f6d5ced-5576-4c49-bb83-aefa1d3168db/resourceGroups/rg-sb-mvp-lab-spoke1-network/providers/Microsoft.Network/virtualNetworks/sb-mvp-lab-vnet-spoke1","ip_address_pool":[],"location":"centralus","name":"sb-mvp-lab-vnet-spoke1","private_endpoint_vnet_policies":"Disabled","resource_group_name":"rg-sb-mvp-lab-spoke1-network","subnet":[{"address_prefixes":["10.20.1.0/24"],"default_outbound_access_enabled":true,"delegation":[],"id":"/subscriptions/5f6d5ced-5576-4c49-bb83-aefa1d3168db/resourceGroups/rg-sb-mvp-lab-spoke1-network/providers/Microsoft.Network/virtualNetworks/sb-mvp-lab-vnet-spoke1/subnets/Apps","name":"Apps","private_endpoint_network_policies":"Disabled","private_link_service_network_policies_enabled":true,"route_table_id":"/subscriptions/5f6d5ced-5576-4c49-bb83-aefa1d3168db/resourceGroups/rg-sb-mvp-lab-spoke1-network/providers/Microsoft.Network/routeTables/sb-mvp-lab-rt-spoke1","security_group":"","service_endpoint_policy_ids":[],"service_endpoints":[]},{"address_prefixes":["10.20.2.0/24"],"default_outbound_access_enabled":true,"delegation":[],"id":"/subscriptions/5f6d5ced-5576-4c49-bb83-aefa1d3168db/resourceGroups/rg-sb-mvp-lab-spoke1-network/providers/Microsoft.Network/virtualNetworks/sb-mvp-lab-vnet-spoke1/subnets/APIs","name":"APIs","private_endpoint_network_policies":"Disabled","private_link_service_network_policies_enabled":true,"route_table_id":"/subscriptions/5f6d5ced-5576-4c49-bb83-aefa1d3168db/resourceGroups/rg-sb-mvp-lab-spoke1-network/providers/Microsoft.Network/routeTables/sb-mvp-lab-rt-spoke1","security_group":"","service_endpoint_policy_ids":[],"service_endpoints":[]},{"address_prefixes":["10.20.3.0/24"],"default_outbound_access_enabled":true,"delegation":[],"id":"/subscriptions/5f6d5ced-5576-4c49-bb83-aefa1d3168db/resourceGroups/rg-sb-mvp-lab-spoke1-network/providers/Microsoft.Network/virtualNetworks/sb-mvp-lab-vnet-spoke1/subnets/Data","name":"Data","private_endpoint_network_policies":"Disabled","private_link_service_network_policies_enabled":true,"route_table_id":"/subscriptions/5f6d5ced-5576-4c49-bb83-aefa1d3168db/resourceGroups/rg-sb-mvp-lab-spoke1-network/providers/Microsoft.Network/routeTables/sb-mvp-lab-rt-spoke1","security_group":"","service_endpoint_policy_ids":[],"service_endpoints":[]}],"tags":{},"timeouts":null},"sensitive_attributes":[],"private":"eyJlMmJmYjczMC1lY2FhLTExZTYtOGY4OC0zNDM2M2JjN2M0YzAiOnsiY3JlYXRlIjoxODAwMDAwMDAwMDAwLCJkZWxldGUiOjE4MDAwMDAwMDAwMDAsInJlYWQiOjMwMDAwMDAwMDAwMCwidXBkYXRlIjoxODAwMDAwMDAwMDAwfX0=","dependencies":["azurerm_resource_group.rg_spoke1"]}]},{"module":"module.vpn","mode":"managed","type":"azurerm_local_network_gateway","name":"lng","provider":"provider[\"registry.opentofu.org/hashicorp/azurerm\"]","instances":[{"schema_version":0,"attributes":{"address_space":["192.168.1.0/24"],"bgp_settings":[],"gateway_address":"67.4.128.139","gateway_fqdn":"","id":"/subscriptions/5f6d5ced-5576-4c49-bb83-aefa1d3168db/resourceGroups/rg-sb-mvp-lab-hub-network/providers/Microsoft.Network/localNetworkGateways/sb-mvp-lab-lng-home","location":"centralus","name":"sb-mvp-lab-lng-home","resource_group_name":"rg-sb-mvp-lab-hub-network","tags":{},"timeouts":null},"sensitive_attributes":[],"private":"eyJlMmJmYjczMC1lY2FhLTExZTYtOGY4OC0zNDM2M2JjN2M0YzAiOnsiY3JlYXRlIjoxODAwMDAwMDAwMDAwLCJkZWxldGUiOjE4MDAwMDAwMDAwMDAsInJlYWQiOjMwMDAwMDAwMDAwMCwidXBkYXRlIjoxODAwMDAwMDAwMDAwfX0=","dependencies":["azurerm_resource_group.rg_hub"]}]},{"module":"module.vpn","mode":"managed","type":"azurerm_public_ip","name":"pip","provider":"provider[\"registry.opentofu.org/hashicorp/azurerm\"]","instances":[{"schema_version":0,"attributes":{"allocation_method":"Static","ddos_protection_mode":"VirtualNetworkInherited","ddos_protection_plan_id":null,"domain_name_label":null,"domain_name_label_scope":null,"edge_zone":"","fqdn":null,"id":"/subscriptions/5f6d5ced-5576-4c49-bb83-aefa1d3168db/resourceGroups/rg-sb-mvp-lab-hub-network/providers/Microsoft.Network/publicIPAddresses/sb-mvp-lab-pip-vpngw","idle_timeout_in_minutes":4,"ip_address":"132.196.96.94","ip_tags":{},"ip_version":"IPv4","location":"centralus","name":"sb-mvp-lab-pip-vpngw","public_ip_prefix_id":null,"resource_group_name":"rg-sb-mvp-lab-hub-network","reverse_fqdn":null,"sku":"Standard","sku_tier":"Regional","tags":{},"timeouts":null,"zones":[]},"sensitive_attributes":[],"private":"eyJlMmJmYjczMC1lY2FhLTExZTYtOGY4OC0zNDM2M2JjN2M0YzAiOnsiY3JlYXRlIjoxODAwMDAwMDAwMDAwLCJkZWxldGUiOjE4MDAwMDAwMDAwMDAsInJlYWQiOjMwMDAwMDAwMDAwMCwidXBkYXRlIjoxODAwMDAwMDAwMDAwfX0=","dependencies":["azurerm_resource_group.rg_hub"]}]},{"module":"module.vpn","mode":"managed","type":"azurerm_virtual_network_gateway","name":"gw","provider":"provider[\"registry.opentofu.org/hashicorp/azurerm\"]","instances":[{"schema_version":0,"attributes":{"active_active":false,"bgp_route_translation_for_nat_enabled":false,"bgp_settings":[{"asn":65515,"peer_weight":0,"peering_addresses":[{"apipa_addresses":[],"default_addresses":["10.10.2.30"],"ip_configuration_name":"vpngw-ipconfig","tunnel_ip_addresses":["132.196.96.94"]}]}],"custom_route":[],"default_local_network_gateway_id":null,"dns_forwarding_enabled":false,"edge_zone":"","enable_bgp":false,"generation":"Generation1","id":"/subscriptions/5f6d5ced-5576-4c49-bb83-aefa1d3168db/resourceGroups/rg-sb-mvp-lab-hub-network/providers/Microsoft.Network/virtualNetworkGateways/sb-mvp-lab-vpngw","ip_configuration":[{"name":"vpngw-ipconfig","private_ip_address_allocation":"Dynamic","public_ip_address_id":"/subscriptions/5f6d5ced-5576-4c49-bb83-aefa1d3168db/resourceGroups/rg-sb-mvp-lab-hub-network/providers/Microsoft.Network/publicIPAddresses/sb-mvp-lab-pip-vpngw","subnet_id":"/subscriptions/5f6d5ced-5576-4c49-bb83-aefa1d3168db/resourceGroups/rg-sb-mvp-lab-hub-network/providers/Microsoft.Network/virtualNetworks/sb-mvp-lab-vnet-hub/subnets/GatewaySubnet"}],"ip_sec_replay_protection_enabled":true,"location":"centralus","name":"sb-mvp-lab-vpngw","policy_group":[],"private_ip_address_enabled":false,"remote_vnet_traffic_enabled":false,"resource_group_name":"rg-sb-mvp-lab-hub-network","sku":"VpnGw1","tags":{},"timeouts":null,"type":"Vpn","virtual_wan_traffic_enabled":false,"vpn_client_configuration":[],"vpn_type":"RouteBased"},"sensitive_attributes":[],"private":"eyJlMmJmYjczMC1lY2FhLTExZTYtOGY4OC0zNDM2M2JjN2M0YzAiOnsiY3JlYXRlIjo1NDAwMDAwMDAwMDAwLCJkZWxldGUiOjcyMDAwMDAwMDAwMDAsInJlYWQiOjMwMDAwMDAwMDAwMCwidXBkYXRlIjozNjAwMDAwMDAwMDAwfX0=","dependencies":["azurerm_resource_group.rg_hub","module.hub.azurerm_subnet.gateway","module.hub.azurerm_virtual_network.hub","module.vpn.azurerm_public_ip.pip"]}]},{"module":"module.vpn","mode":"managed","type":"azurerm_virtual_network_gateway_connection","name":"conn","provider":"provider[\"registry.opentofu.org/hashicorp/azurerm\"]","instances":[{"schema_version":0,"attributes":{"authorization_key":"","connection_mode":"Default","connection_protocol":"IKEv2","custom_bgp_addresses":[],"dpd_timeout_seconds":0,"egress_nat_rule_ids":[],"enable_bgp":false,"express_route_circuit_id":null,"express_route_gateway_bypass":false,"id":"/subscriptions/5f6d5ced-5576-4c49-bb83-aefa1d3168db/resourceGroups/rg-sb-mvp-lab-hub-network/providers/Microsoft.Network/connections/sb-mvp-lab-conn-home","ingress_nat_rule_ids":[],"ipsec_policy":[],"local_azure_ip_address_enabled":false,"local_network_gateway_id":"/subscriptions/5f6d5ced-5576-4c49-bb83-aefa1d3168db/resourceGroups/rg-sb-mvp-lab-hub-network/providers/Microsoft.Network/localNetworkGateways/sb-mvp-lab-lng-home","location":"centralus","name":"sb-mvp-lab-conn-home","peer_virtual_network_gateway_id":null,"private_link_fast_path_enabled":false,"resource_group_name":"rg-sb-mvp-lab-hub-network","routing_weight":0,"shared_key":"REPLACE_ME","tags":{},"timeouts":null,"traffic_selector_policy":[],"type":"IPsec","use_policy_based_traffic_selectors":false,"virtual_network_gateway_id":"/subscriptions/5f6d5ced-5576-4c49-bb83-aefa1d3168db/resourceGroups/rg-sb-mvp-lab-hub-network/providers/Microsoft.Network/virtualNetworkGateways/sb-mvp-lab-vpngw"},"sensitive_attributes":[[{"type":"get_attr","value":"authorization_key"}],[{"type":"get_attr","value":"shared_key"}]],"private":"eyJlMmJmYjczMC1lY2FhLTExZTYtOGY4OC0zNDM2M2JjN2M0YzAiOnsiY3JlYXRlIjoxODAwMDAwMDAwMDAwLCJkZWxldGUiOjE4MDAwMDAwMDAwMDAsInJlYWQiOjMwMDAwMDAwMDAwMCwidXBkYXRlIjoxODAwMDAwMDAwMDAwfX0=","dependencies":["azurerm_resource_group.rg_hub","module.hub.azurerm_subnet.gateway","module.hub.azurerm_virtual_network.hub","module.vpn.azurerm_local_network_gateway.lng","module.vpn.azurerm_public_ip.pip","module.vpn.azurerm_virtual_network_gateway.gw"]}]}],"check_results":[{"object_kind":"var","config_addr":"var.name_prefix","status":"pass","objects":[{"object_addr":"var.name_prefix","status":"pass"}]}]}
